
Microsoft Visual Studio Solution File, Format Version 12.00
# Visual Studio Version 17
VisualStudioVersion = 17.1.32407.343
MinimumVisualStudioVersion = 10.0.40219.1
Project("{2150E333-8FDC-42A3-9474-1A3956D46DE8}") = "1. Creational Patterns", "1. Creational Patterns", "{372CB8BE-6DF1-40D2-B32A-9612909F551C}"
EndProject
Project("{9A19103F-16F7-4668-BE54-9A1E7A4F7556}") = "FactoryMethod", "FactoryMethod\FactoryMethod.csproj", "{862C1CE1-5B4D-4377-B958-8B95B68C77EA}"
EndProject
Project("{9A19103F-16F7-4668-BE54-9A1E7A4F7556}") = "AbstractFactory", "AbstractFactory\AbstractFactory.csproj", "{5ED3945C-7343-4913-9EAD-6F795691C4F2}"
EndProject
Project("{9A19103F-16F7-4668-BE54-9A1E7A4F7556}") = "Builder", "Builder\Builder.csproj", "{48475DE2-20E3-4372-B47B-9F8E59BC26AD}"
EndProject
Project("{9A19103F-16F7-4668-BE54-9A1E7A4F7556}") = "Prototype", "Prototype\Prototype.csproj", "{12C1ACBE-64CD-48DF-A042-0774D29E088D}"
EndProject
Project("{9A19103F-16F7-4668-BE54-9A1E7A4F7556}") = "Singleton", "Singleton\Singleton.csproj", "{F0DB8599-1398-4B21-A23A-8D750497018B}"
EndProject
Project("{2150E333-8FDC-42A3-9474-1A3956D46DE8}") = "2. Structural Patterns", "2. Structural Patterns", "{4FFFFDA1-E061-4EC9-A422-39F2609C4255}"
EndProject
Project("{9A19103F-16F7-4668-BE54-9A1E7A4F7556}") = "Adapter", "Adapter\Adapter.csproj", "{AA4E39A4-EB36-475A-BBB3-BC3C0E1E3209}"
EndProject
Project("{9A19103F-16F7-4668-BE54-9A1E7A4F7556}") = "Bridge", "Bridge\Bridge.csproj", "{F27A2128-DC48-4B8A-A782-8E41A8609BA0}"
EndProject
Project("{9A19103F-16F7-4668-BE54-9A1E7A4F7556}") = "Composite", "Composite\Composite.csproj", "{5840E798-D4D7-4E1C-93EA-53F13EBD8832}"
EndProject
Project("{9A19103F-16F7-4668-BE54-9A1E7A4F7556}") = "Decorator", "Decorator\Decorator.csproj", "{5781A01D-D697-4709-9CB7-41D021008171}"
EndProject
Project("{9A19103F-16F7-4668-BE54-9A1E7A4F7556}") = "Facade", "Facade\Facade.csproj", "{54BB2BA0-DA8E-4F58-95A0-53963F0FB0C1}"
EndProject
Project("{9A19103F-16F7-4668-BE54-9A1E7A4F7556}") = "Flyweight", "Flyweight\Flyweight.csproj", "{37B4E917-FECC-43B6-B243-38715C85B968}"
EndProject
Project("{9A19103F-16F7-4668-BE54-9A1E7A4F7556}") = "Proxy", "Proxy\Proxy.csproj", "{4C918500-50FC-49F8-9CB9-96D5E921E6F0}"
EndProject
Project("{2150E333-8FDC-42A3-9474-1A3956D46DE8}") = "3. Behavioral Patterns", "3. Behavioral Patterns", "{8F6CA624-E7AE-40DA-9168-B4CD89E4DB46}"
EndProject
Project("{9A19103F-16F7-4668-BE54-9A1E7A4F7556}") = "ChainOfResponsibility", "ChainOfResponsibility\ChainOfResponsibility.csproj", "{D5498B75-2FE1-4772-BAD1-377D545334B2}"
EndProject
Project("{9A19103F-16F7-4668-BE54-9A1E7A4F7556}") = "Command", "Command\Command.csproj", "{6E43D6E3-372D-4D23-A58B-26BC8EF43147}"
EndProject
Project("{9A19103F-16F7-4668-BE54-9A1E7A4F7556}") = "Iterator", "Iterator\Iterator.csproj", "{DF63DCF2-5D3F-4AD4-B2ED-6EF4DB9F855D}"
EndProject
Project("{9A19103F-16F7-4668-BE54-9A1E7A4F7556}") = "Mediator", "Mediator\Mediator.csproj", "{588476ED-EF87-4299-8CA4-E86D11E9A400}"
EndProject
Project("{9A19103F-16F7-4668-BE54-9A1E7A4F7556}") = "Memento", "Memento\Memento.csproj", "{6873A75D-9360-4BCF-BFF4-C97CCA7C2DAC}"
EndProject
Project("{9A19103F-16F7-4668-BE54-9A1E7A4F7556}") = "Observer", "Observer\Observer.csproj", "{B20C8212-07FE-4CED-8C9D-23F1C2111E8B}"
EndProject
Project("{9A19103F-16F7-4668-BE54-9A1E7A4F7556}") = "State", "State\State.csproj", "{26A7827F-34E1-4140-8877-E903686C2BFB}"
EndProject
Project("{9A19103F-16F7-4668-BE54-9A1E7A4F7556}") = "Strategy", "Strategy\Strategy.csproj", "{875A46E5-C415-41CD-9B87-8010D431A216}"
EndProject
Project("{FAE04EC0-301F-11D3-BF4B-00C04F79EFBC}") = "TemplateMethod", "TemplateMethod\TemplateMethod.csproj", "{A6345867-66C6-43F5-BFC6-0BB9942F3E43}"
EndProject
Global
	GlobalSection(SolutionConfigurationPlatforms) = preSolution
		Debug|Any CPU = Debug|Any CPU
		Release|Any CPU = Release|Any CPU
	EndGlobalSection
	GlobalSection(ProjectConfigurationPlatforms) = postSolution
		{862C1CE1-5B4D-4377-B958-8B95B68C77EA}.Debug|Any CPU.ActiveCfg = Debug|Any CPU
		{862C1CE1-5B4D-4377-B958-8B95B68C77EA}.Debug|Any CPU.Build.0 = Debug|Any CPU
		{862C1CE1-5B4D-4377-B958-8B95B68C77EA}.Release|Any CPU.ActiveCfg = Release|Any CPU
		{862C1CE1-5B4D-4377-B958-8B95B68C77EA}.Release|Any CPU.Build.0 = Release|Any CPU
		{5ED3945C-7343-4913-9EAD-6F795691C4F2}.Debug|Any CPU.ActiveCfg = Debug|Any CPU
		{5ED3945C-7343-4913-9EAD-6F795691C4F2}.Debug|Any CPU.Build.0 = Debug|Any CPU
		{5ED3945C-7343-4913-9EAD-6F795691C4F2}.Release|Any CPU.ActiveCfg = Release|Any CPU
		{5ED3945C-7343-4913-9EAD-6F795691C4F2}.Release|Any CPU.Build.0 = Release|Any CPU
		{48475DE2-20E3-4372-B47B-9F8E59BC26AD}.Debug|Any CPU.ActiveCfg = Debug|Any CPU
		{48475DE2-20E3-4372-B47B-9F8E59BC26AD}.Debug|Any CPU.Build.0 = Debug|Any CPU
		{48475DE2-20E3-4372-B47B-9F8E59BC26AD}.Release|Any CPU.ActiveCfg = Release|Any CPU
		{48475DE2-20E3-4372-B47B-9F8E59BC26AD}.Release|Any CPU.Build.0 = Release|Any CPU
		{12C1ACBE-64CD-48DF-A042-0774D29E088D}.Debug|Any CPU.ActiveCfg = Debug|Any CPU
		{12C1ACBE-64CD-48DF-A042-0774D29E088D}.Debug|Any CPU.Build.0 = Debug|Any CPU
		{12C1ACBE-64CD-48DF-A042-0774D29E088D}.Release|Any CPU.ActiveCfg = Release|Any CPU
		{12C1ACBE-64CD-48DF-A042-0774D29E088D}.Release|Any CPU.Build.0 = Release|Any CPU
		{F0DB8599-1398-4B21-A23A-8D750497018B}.Debug|Any CPU.ActiveCfg = Debug|Any CPU
		{F0DB8599-1398-4B21-A23A-8D750497018B}.Debug|Any CPU.Build.0 = Debug|Any CPU
		{F0DB8599-1398-4B21-A23A-8D750497018B}.Release|Any CPU.ActiveCfg = Release|Any CPU
		{F0DB8599-1398-4B21-A23A-8D750497018B}.Release|Any CPU.Build.0 = Release|Any CPU
		{AA4E39A4-EB36-475A-BBB3-BC3C0E1E3209}.Debug|Any CPU.ActiveCfg = Debug|Any CPU
		{AA4E39A4-EB36-475A-BBB3-BC3C0E1E3209}.Debug|Any CPU.Build.0 = Debug|Any CPU
		{AA4E39A4-EB36-475A-BBB3-BC3C0E1E3209}.Release|Any CPU.ActiveCfg = Release|Any CPU
		{AA4E39A4-EB36-475A-BBB3-BC3C0E1E3209}.Release|Any CPU.Build.0 = Release|Any CPU
		{F27A2128-DC48-4B8A-A782-8E41A8609BA0}.Debug|Any CPU.ActiveCfg = Debug|Any CPU
		{F27A2128-DC48-4B8A-A782-8E41A8609BA0}.Debug|Any CPU.Build.0 = Debug|Any CPU
		{F27A2128-DC48-4B8A-A782-8E41A8609BA0}.Release|Any CPU.ActiveCfg = Release|Any CPU
		{F27A2128-DC48-4B8A-A782-8E41A8609BA0}.Release|Any CPU.Build.0 = Release|Any CPU
		{5840E798-D4D7-4E1C-93EA-53F13EBD8832}.Debug|Any CPU.ActiveCfg = Debug|Any CPU
		{5840E798-D4D7-4E1C-93EA-53F13EBD8832}.Debug|Any CPU.Build.0 = Debug|Any CPU
		{5840E798-D4D7-4E1C-93EA-53F13EBD8832}.Release|Any CPU.ActiveCfg = Release|Any CPU
		{5840E798-D4D7-4E1C-93EA-53F13EBD8832}.Release|Any CPU.Build.0 = Release|Any CPU
		{5781A01D-D697-4709-9CB7-41D021008171}.Debug|Any CPU.ActiveCfg = Debug|Any CPU
		{5781A01D-D697-4709-9CB7-41D021008171}.Debug|Any CPU.Build.0 = Debug|Any CPU
		{5781A01D-D697-4709-9CB7-41D021008171}.Release|Any CPU.ActiveCfg = Release|Any CPU
		{5781A01D-D697-4709-9CB7-41D021008171}.Release|Any CPU.Build.0 = Release|Any CPU
		{54BB2BA0-DA8E-4F58-95A0-53963F0FB0C1}.Debug|Any CPU.ActiveCfg = Debug|Any CPU
		{54BB2BA0-DA8E-4F58-95A0-53963F0FB0C1}.Debug|Any CPU.Build.0 = Debug|Any CPU
		{54BB2BA0-DA8E-4F58-95A0-53963F0FB0C1}.Release|Any CPU.ActiveCfg = Release|Any CPU
		{54BB2BA0-DA8E-4F58-95A0-53963F0FB0C1}.Release|Any CPU.Build.0 = Release|Any CPU
		{37B4E917-FECC-43B6-B243-38715C85B968}.Debug|Any CPU.ActiveCfg = Debug|Any CPU
		{37B4E917-FECC-43B6-B243-38715C85B968}.Debug|Any CPU.Build.0 = Debug|Any CPU
		{37B4E917-FECC-43B6-B243-38715C85B968}.Release|Any CPU.ActiveCfg = Release|Any CPU
		{37B4E917-FECC-43B6-B243-38715C85B968}.Release|Any CPU.Build.0 = Release|Any CPU
		{4C918500-50FC-49F8-9CB9-96D5E921E6F0}.Debug|Any CPU.ActiveCfg = Debug|Any CPU
		{4C918500-50FC-49F8-9CB9-96D5E921E6F0}.Debug|Any CPU.Build.0 = Debug|Any CPU
		{4C918500-50FC-49F8-9CB9-96D5E921E6F0}.Release|Any CPU.ActiveCfg = Release|Any CPU
		{4C918500-50FC-49F8-9CB9-96D5E921E6F0}.Release|Any CPU.Build.0 = Release|Any CPU
		{D5498B75-2FE1-4772-BAD1-377D545334B2}.Debug|Any CPU.ActiveCfg = Debug|Any CPU
		{D5498B75-2FE1-4772-BAD1-377D545334B2}.Debug|Any CPU.Build.0 = Debug|Any CPU
		{D5498B75-2FE1-4772-BAD1-377D545334B2}.Release|Any CPU.ActiveCfg = Release|Any CPU
		{D5498B75-2FE1-4772-BAD1-377D545334B2}.Release|Any CPU.Build.0 = Release|Any CPU
		{6E43D6E3-372D-4D23-A58B-26BC8EF43147}.Debug|Any CPU.ActiveCfg = Debug|Any CPU
		{6E43D6E3-372D-4D23-A58B-26BC8EF43147}.Debug|Any CPU.Build.0 = Debug|Any CPU
		{6E43D6E3-372D-4D23-A58B-26BC8EF43147}.Release|Any CPU.ActiveCfg = Release|Any CPU
		{6E43D6E3-372D-4D23-A58B-26BC8EF43147}.Release|Any CPU.Build.0 = Release|Any CPU
		{DF63DCF2-5D3F-4AD4-B2ED-6EF4DB9F855D}.Debug|Any CPU.ActiveCfg = Debug|Any CPU
		{DF63DCF2-5D3F-4AD4-B2ED-6EF4DB9F855D}.Debug|Any CPU.Build.0 = Debug|Any CPU
		{DF63DCF2-5D3F-4AD4-B2ED-6EF4DB9F855D}.Release|Any CPU.ActiveCfg = Release|Any CPU
		{DF63DCF2-5D3F-4AD4-B2ED-6EF4DB9F855D}.Release|Any CPU.Build.0 = Release|Any CPU
		{588476ED-EF87-4299-8CA4-E86D11E9A400}.Debug|Any CPU.ActiveCfg = Debug|Any CPU
		{588476ED-EF87-4299-8CA4-E86D11E9A400}.Debug|Any CPU.Build.0 = Debug|Any CPU
		{588476ED-EF87-4299-8CA4-E86D11E9A400}.Release|Any CPU.ActiveCfg = Release|Any CPU
		{588476ED-EF87-4299-8CA4-E86D11E9A400}.Release|Any CPU.Build.0 = Release|Any CPU
		{6873A75D-9360-4BCF-BFF4-C97CCA7C2DAC}.Debug|Any CPU.ActiveCfg = Debug|Any CPU
		{6873A75D-9360-4BCF-BFF4-C97CCA7C2DAC}.Debug|Any CPU.Build.0 = Debug|Any CPU
		{6873A75D-9360-4BCF-BFF4-C97CCA7C2DAC}.Release|Any CPU.ActiveCfg = Release|Any CPU
		{6873A75D-9360-4BCF-BFF4-C97CCA7C2DAC}.Release|Any CPU.Build.0 = Release|Any CPU
		{B20C8212-07FE-4CED-8C9D-23F1C2111E8B}.Debug|Any CPU.ActiveCfg = Debug|Any CPU
		{B20C8212-07FE-4CED-8C9D-23F1C2111E8B}.Debug|Any CPU.Build.0 = Debug|Any CPU
		{B20C8212-07FE-4CED-8C9D-23F1C2111E8B}.Release|Any CPU.ActiveCfg = Release|Any CPU
		{B20C8212-07FE-4CED-8C9D-23F1C2111E8B}.Release|Any CPU.Build.0 = Release|Any CPU
		{26A7827F-34E1-4140-8877-E903686C2BFB}.Debug|Any CPU.ActiveCfg = Debug|Any CPU
		{26A7827F-34E1-4140-8877-E903686C2BFB}.Debug|Any CPU.Build.0 = Debug|Any CPU
		{26A7827F-34E1-4140-8877-E903686C2BFB}.Release|Any CPU.ActiveCfg = Release|Any CPU
		{26A7827F-34E1-4140-8877-E903686C2BFB}.Release|Any CPU.Build.0 = Release|Any CPU
		{875A46E5-C415-41CD-9B87-8010D431A216}.Debug|Any CPU.ActiveCfg = Debug|Any CPU
		{875A46E5-C415-41CD-9B87-8010D431A216}.Debug|Any CPU.Build.0 = Debug|Any CPU
		{875A46E5-C415-41CD-9B87-8010D431A216}.Release|Any CPU.ActiveCfg = Release|Any CPU
		{875A46E5-C415-41CD-9B87-8010D431A216}.Release|Any CPU.Build.0 = Release|Any CPU
		{A6345867-66C6-43F5-BFC6-0BB9942F3E43}.Debug|Any CPU.ActiveCfg = Debug|Any CPU
		{A6345867-66C6-43F5-BFC6-0BB9942F3E43}.Debug|Any CPU.Build.0 = Debug|Any CPU
		{A6345867-66C6-43F5-BFC6-0BB9942F3E43}.Release|Any CPU.ActiveCfg = Release|Any CPU
		{A6345867-66C6-43F5-BFC6-0BB9942F3E43}.Release|Any CPU.Build.0 = Release|Any CPU
	EndGlobalSection
	GlobalSection(SolutionProperties) = preSolution
		HideSolutionNode = FALSE
	EndGlobalSection
	GlobalSection(NestedProjects) = preSolution
		{862C1CE1-5B4D-4377-B958-8B95B68C77EA} = {372CB8BE-6DF1-40D2-B32A-9612909F551C}
		{5ED3945C-7343-4913-9EAD-6F795691C4F2} = {372CB8BE-6DF1-40D2-B32A-9612909F551C}
		{48475DE2-20E3-4372-B47B-9F8E59BC26AD} = {372CB8BE-6DF1-40D2-B32A-9612909F551C}
		{12C1ACBE-64CD-48DF-A042-0774D29E088D} = {372CB8BE-6DF1-40D2-B32A-9612909F551C}
		{F0DB8599-1398-4B21-A23A-8D750497018B} = {372CB8BE-6DF1-40D2-B32A-9612909F551C}
		{AA4E39A4-EB36-475A-BBB3-BC3C0E1E3209} = {4FFFFDA1-E061-4EC9-A422-39F2609C4255}
		{F27A2128-DC48-4B8A-A782-8E41A8609BA0} = {4FFFFDA1-E061-4EC9-A422-39F2609C4255}
		{5840E798-D4D7-4E1C-93EA-53F13EBD8832} = {4FFFFDA1-E061-4EC9-A422-39F2609C4255}
		{5781A01D-D697-4709-9CB7-41D021008171} = {4FFFFDA1-E061-4EC9-A422-39F2609C4255}
		{54BB2BA0-DA8E-4F58-95A0-53963F0FB0C1} = {4FFFFDA1-E061-4EC9-A422-39F2609C4255}
		{37B4E917-FECC-43B6-B243-38715C85B968} = {4FFFFDA1-E061-4EC9-A422-39F2609C4255}
		{4C918500-50FC-49F8-9CB9-96D5E921E6F0} = {4FFFFDA1-E061-4EC9-A422-39F2609C4255}
		{D5498B75-2FE1-4772-BAD1-377D545334B2} = {8F6CA624-E7AE-40DA-9168-B4CD89E4DB46}
		{6E43D6E3-372D-4D23-A58B-26BC8EF43147} = {8F6CA624-E7AE-40DA-9168-B4CD89E4DB46}
		{DF63DCF2-5D3F-4AD4-B2ED-6EF4DB9F855D} = {8F6CA624-E7AE-40DA-9168-B4CD89E4DB46}
		{588476ED-EF87-4299-8CA4-E86D11E9A400} = {8F6CA624-E7AE-40DA-9168-B4CD89E4DB46}
		{6873A75D-9360-4BCF-BFF4-C97CCA7C2DAC} = {8F6CA624-E7AE-40DA-9168-B4CD89E4DB46}
		{B20C8212-07FE-4CED-8C9D-23F1C2111E8B} = {8F6CA624-E7AE-40DA-9168-B4CD89E4DB46}
		{26A7827F-34E1-4140-8877-E903686C2BFB} = {8F6CA624-E7AE-40DA-9168-B4CD89E4DB46}
		{875A46E5-C415-41CD-9B87-8010D431A216} = {8F6CA624-E7AE-40DA-9168-B4CD89E4DB46}
		{A6345867-66C6-43F5-BFC6-0BB9942F3E43} = {8F6CA624-E7AE-40DA-9168-B4CD89E4DB46}
	EndGlobalSection
	GlobalSection(ExtensibilityGlobals) = postSolution
		SolutionGuid = {D1A65D82-CA1A-4DF4-A3D5-4CF73F3C1285}
	EndGlobalSection
EndGlobal
